// !$*UTF8*$!
{
	archiveVersion = 1;
	classes = {
	};
	objectVersion = 56;
	objects = {

/* Begin PBXBuildFile section */
		91D237492DA65125001E064C /* HomeView.swift in Sources */ = {isa = PBXBuildFile; fileRef = 91D237482DA65125001E064C /* HomeView.swift */; };
		91D2374D2DA652CA001E064C /* CircleButtonView.swift in Sources */ = {isa = PBXBuildFile; fileRef = 91D2374C2DA652CA001E064C /* CircleButtonView.swift */; };
		91D2374F2DA657B4001E064C /* CircleButtonAnimationView.swift in Sources */ = {isa = PBXBuildFile; fileRef = 91D2374E2DA657B4001E064C /* CircleButtonAnimationView.swift */; };
		91D237522DA66A6B001E064C /* CoinModel.swift in Sources */ = {isa = PBXBuildFile; fileRef = 91D237512DA66A6B001E064C /* CoinModel.swift */; };
		91D237542DAFB6A3001E064C /* CoinRowView.swift in Sources */ = {isa = PBXBuildFile; fileRef = 91D237532DAFB6A3001E064C /* CoinRowView.swift */; };
		91D237562DAFB730001E064C /* PreviewProvider.swift in Sources */ = {isa = PBXBuildFile; fileRef = 91D237552DAFB730001E064C /* PreviewProvider.swift */; };
		91D237582DB228C5001E064C /* Double.swift in Sources */ = {isa = PBXBuildFile; fileRef = 91D237572DB228C5001E064C /* Double.swift */; };
		91D2375A2DB23EB2001E064C /* HomeViewModel.swift in Sources */ = {isa = PBXBuildFile; fileRef = 91D237592DB23EB2001E064C /* HomeViewModel.swift */; };
		91D2375D2DB38C16001E064C /* CoinDataService.swift in Sources */ = {isa = PBXBuildFile; fileRef = 91D2375C2DB38C16001E064C /* CoinDataService.swift */; };
		91FA5E492DA64993000770D5 /* CryptoAppApp.swift in Sources */ = {isa = PBXBuildFile; fileRef = 91FA5E482DA64993000770D5 /* CryptoAppApp.swift */; };
		91FA5E4B2DA64993000770D5 /* ContentView.swift in Sources */ = {isa = PBXBuildFile; fileRef = 91FA5E4A2DA64993000770D5 /* ContentView.swift */; };
		91FA5E4D2DA64994000770D5 /* Assets.xcassets in Resources */ = {isa = PBXBuildFile; fileRef = 91FA5E4C2DA64994000770D5 /* Assets.xcassets */; };
		91FA5E502DA64994000770D5 /* Preview Assets.xcassets in Resources */ = {isa = PBXBuildFile; fileRef = 91FA5E4F2DA64994000770D5 /* Preview Assets.xcassets */; };
		91FA5E582DA64D33000770D5 /* Color.swift in Sources */ = {isa = PBXBuildFile; fileRef = 91FA5E572DA64D33000770D5 /* Color.swift */; };
/* End PBXBuildFile section */

/* Begin PBXFileReference section */
		91D237482DA65125001E064C /* HomeView.swift */ = {isa = PBXFileReference; lastKnownFileType = sourcecode.swift; path = HomeView.swift; sourceTree = "<group>"; };
		91D2374C2DA652CA001E064C /* CircleButtonView.swift */ = {isa = PBXFileReference; lastKnownFileType = sourcecode.swift; path = CircleButtonView.swift; sourceTree = "<group>"; };
		91D2374E2DA657B4001E064C /* CircleButtonAnimationView.swift */ = {isa = PBXFileReference; lastKnownFileType = sourcecode.swift; path = CircleButtonAnimationView.swift; sourceTree = "<group>"; };
		91D237512DA66A6B001E064C /* CoinModel.swift */ = {isa = PBXFileReference; lastKnownFileType = sourcecode.swift; path = CoinModel.swift; sourceTree = "<group>"; };
		91D237532DAFB6A3001E064C /* CoinRowView.swift */ = {isa = PBXFileReference; lastKnownFileType = sourcecode.swift; path = CoinRowView.swift; sourceTree = "<group>"; };
		91D237552DAFB730001E064C /* PreviewProvider.swift */ = {isa = PBXFileReference; lastKnownFileType = sourcecode.swift; path = PreviewProvider.swift; sourceTree = "<group>"; };
		91D237572DB228C5001E064C /* Double.swift */ = {isa = PBXFileReference; lastKnownFileType = sourcecode.swift; path = Double.swift; sourceTree = "<group>"; };
		91D237592DB23EB2001E064C /* HomeViewModel.swift */ = {isa = PBXFileReference; lastKnownFileType = sourcecode.swift; path = HomeViewModel.swift; sourceTree = "<group>"; };
		91D2375C2DB38C16001E064C /* CoinDataService.swift */ = {isa = PBXFileReference; lastKnownFileType = sourcecode.swift; path = CoinDataService.swift; sourceTree = "<group>"; };
		91FA5E452DA64993000770D5 /* CryptoApp.app */ = {isa = PBXFileReference; explicitFileType = wrapper.application; includeInIndex = 0; path = CryptoApp.app; sourceTree = BUILT_PRODUCTS_DIR; };
		91FA5E482DA64993000770D5 /* CryptoAppApp.swift */ = {isa = PBXFileReference; lastKnownFileType = sourcecode.swift; path = CryptoAppApp.swift; sourceTree = "<group>"; };
		91FA5E4A2DA64993000770D5 /* ContentView.swift */ = {isa = PBXFileReference; lastKnownFileType = sourcecode.swift; path = ContentView.swift; sourceTree = "<group>"; };
		91FA5E4C2DA64994000770D5 /* Assets.xcassets */ = {isa = PBXFileReference; lastKnownFileType = folder.assetcatalog; path = Assets.xcassets; sourceTree = "<group>"; };
		91FA5E4F2DA64994000770D5 /* Preview Assets.xcassets */ = {isa = PBXFileReference; lastKnownFileType = folder.assetcatalog; path = "Preview Assets.xcassets"; sourceTree = "<group>"; };
		91FA5E572DA64D33000770D5 /* Color.swift */ = {isa = PBXFileReference; lastKnownFileType = sourcecode.swift; path = Color.swift; sourceTree = "<group>"; };
/* End PBXFileReference section */

/* Begin PBXFrameworksBuildPhase section */
		91FA5E422DA64993000770D5 /* Frameworks */ = {
			isa = PBXFrameworksBuildPhase;
			buildActionMask = 2147483647;
			files = (
			);
			runOnlyForDeploymentPostprocessing = 0;
		};
/* End PBXFrameworksBuildPhase section */

/* Begin PBXGroup section */
		91D237442DA650D3001E064C /* Core */ = {
			isa = PBXGroup;
			children = (
				91D2374A2DA6529C001E064C /* Components */,
				91D237452DA650DD001E064C /* Home */,
			);
			path = Core;
			sourceTree = "<group>";
		};
		91D237452DA650DD001E064C /* Home */ = {
			isa = PBXGroup;
			children = (
				91D237472DA6510D001E064C /* ViewModels */,
				91D237462DA65107001E064C /* Views */,
			);
			path = Home;
			sourceTree = "<group>";
		};
		91D237462DA65107001E064C /* Views */ = {
			isa = PBXGroup;
			children = (
				91D237482DA65125001E064C /* HomeView.swift */,
				91D237532DAFB6A3001E064C /* CoinRowView.swift */,
			);
			path = Views;
			sourceTree = "<group>";
		};
		91D237472DA6510D001E064C /* ViewModels */ = {
			isa = PBXGroup;
			children = (
				91D237592DB23EB2001E064C /* HomeViewModel.swift */,
			);
			path = ViewModels;
			sourceTree = "<group>";
		};
		91D2374A2DA6529C001E064C /* Components */ = {
			isa = PBXGroup;
			children = (
				91D2374B2DA652B4001E064C /* CircleButton */,
			);
			path = Components;
			sourceTree = "<group>";
		};
		91D2374B2DA652B4001E064C /* CircleButton */ = {
			isa = PBXGroup;
			children = (
				91D2374C2DA652CA001E064C /* CircleButtonView.swift */,
				91D2374E2DA657B4001E064C /* CircleButtonAnimationView.swift */,
			);
			path = CircleButton;
			sourceTree = "<group>";
		};
		91D237502DA66A3A001E064C /* Models */ = {
			isa = PBXGroup;
			children = (
				91D237512DA66A6B001E064C /* CoinModel.swift */,
			);
			path = Models;
			sourceTree = "<group>";
		};
		91D2375B2DB38BF0001E064C /* Services */ = {
			isa = PBXGroup;
			children = (
				91D2375C2DB38C16001E064C /* CoinDataService.swift */,
			);
			path = Services;
			sourceTree = "<group>";
		};
		91FA5E3C2DA64993000770D5 = {
			isa = PBXGroup;
			children = (
				91FA5E472DA64993000770D5 /* CryptoApp */,
				91FA5E462DA64993000770D5 /* Products */,
			);
			sourceTree = "<group>";
		};
		91FA5E462DA64993000770D5 /* Products */ = {
			isa = PBXGroup;
			children = (
				91FA5E452DA64993000770D5 /* CryptoApp.app */,
			);
			name = Products;
			sourceTree = "<group>";
		};
		91FA5E472DA64993000770D5 /* CryptoApp */ = {
			isa = PBXGroup;
			children = (
				91FA5E482DA64993000770D5 /* CryptoAppApp.swift */,
				91FA5E4A2DA64993000770D5 /* ContentView.swift */,
				91FA5E4C2DA64994000770D5 /* Assets.xcassets */,
				91FA5E562DA64D0F000770D5 /* Extensions */,
				91D2375B2DB38BF0001E064C /* Services */,
				91D237502DA66A3A001E064C /* Models */,
				91D237442DA650D3001E064C /* Core */,
				91FA5E4E2DA64994000770D5 /* Preview Content */,
			);
			path = CryptoApp;
			sourceTree = "<group>";
		};
		91FA5E4E2DA64994000770D5 /* Preview Content */ = {
			isa = PBXGroup;
			children = (
				91FA5E4F2DA64994000770D5 /* Preview Assets.xcassets */,
			);
			path = "Preview Content";
			sourceTree = "<group>";
		};
		91FA5E562DA64D0F000770D5 /* Extensions */ = {
			isa = PBXGroup;
			children = (
				91FA5E572DA64D33000770D5 /* Color.swift */,
				91D237552DAFB730001E064C /* PreviewProvider.swift */,
				91D237572DB228C5001E064C /* Double.swift */,
			);
			path = Extensions;
			sourceTree = "<group>";
		};
/* End PBXGroup section */

/* Begin PBXNativeTarget section */
		91FA5E442DA64993000770D5 /* CryptoApp */ = {
			isa = PBXNativeTarget;
			buildConfigurationList = 91FA5E532DA64994000770D5 /* Build configuration list for PBXNativeTarget "CryptoApp" */;
			buildPhases = (
				91FA5E412DA64993000770D5 /* Sources */,
				91FA5E422DA64993000770D5 /* Frameworks */,
				91FA5E432DA64993000770D5 /* Resources */,
			);
			buildRules = (
			);
			dependencies = (
			);
			name = CryptoApp;
			productName = CryptoApp;
			productReference = 91FA5E452DA64993000770D5 /* CryptoApp.app */;
			productType = "com.apple.product-type.application";
		};
/* End PBXNativeTarget section */

/* Begin PBXProject section */
		91FA5E3D2DA64993000770D5 /* Project object */ = {
			isa = PBXProject;
			attributes = {
				BuildIndependentTargetsInParallel = 1;
				LastSwiftUpdateCheck = 1400;
				LastUpgradeCheck = 1400;
				TargetAttributes = {
					91FA5E442DA64993000770D5 = {
						CreatedOnToolsVersion = 14.0.1;
					};
				};
			};
			buildConfigurationList = 91FA5E402DA64993000770D5 /* Build configuration list for PBXProject "CryptoApp" */;
			compatibilityVersion = "Xcode 14.0";
			developmentRegion = en;
			hasScannedForEncodings = 0;
			knownRegions = (
				en,
				Base,
			);
			mainGroup = 91FA5E3C2DA64993000770D5;
			productRefGroup = 91FA5E462DA64993000770D5 /* Products */;
			projectDirPath = "";
			projectRoot = "";
			targets = (
				91FA5E442DA64993000770D5 /* CryptoApp */,
			);
		};
/* End PBXProject section */

/* Begin PBXResourcesBuildPhase section */
		91FA5E432DA64993000770D5 /* Resources */ = {
			isa = PBXResourcesBuildPhase;
			buildActionMask = 2147483647;
			files = (
				91FA5E502DA64994000770D5 /* Preview Assets.xcassets in Resources */,
				91FA5E4D2DA64994000770D5 /* Assets.xcassets in Resources */,
			);
			runOnlyForDeploymentPostprocessing = 0;
		};
/* End PBXResourcesBuildPhase section */

/* Begin PBXSourcesBuildPhase section */
		91FA5E412DA64993000770D5 /* Sources */ = {
			isa = PBXSourcesBuildPhase;
			buildActionMask = 2147483647;
			files = (
				91D2375D2DB38C16001E064C /* CoinDataService.swift in Sources */,
				91D237542DAFB6A3001E064C /* CoinRowView.swift in Sources */,
				91D2375A2DB23EB2001E064C /* HomeViewModel.swift in Sources */,
				91FA5E4B2DA64993000770D5 /* ContentView.swift in Sources */,
				91D237492DA65125001E064C /* HomeView.swift in Sources */,
				91FA5E492DA64993000770D5 /* CryptoAppApp.swift in Sources */,
				91D2374D2DA652CA001E064C /* CircleButtonView.swift in Sources */,
				91FA5E582DA64D33000770D5 /* Color.swift in Sources */,
				91D2374F2DA657B4001E064C /* CircleButtonAnimationView.swift in Sources */,
				91D237562DAFB730001E064C /* PreviewProvider.swift in Sources */,
				91D237582DB228C5001E064C /* Double.swift in Sources */,
				91D237522DA66A6B001E064C /* CoinModel.swift in Sources */,
			);
			runOnlyForDeploymentPostprocessing = 0;
		};
/* End PBXSourcesBuildPhase section */

/* Begin XCBuildConfiguration section */
		91FA5E512DA64994000770D5 /* Debug */ = {
			isa = XCBuildConfiguration;
			buildSettings = {
				ALWAYS_SEARCH_USER_PATHS = NO;
				CLANG_ANALYZER_NONNULL = YES;
				CLANG_ANALYZER_NUMBER_OBJECT_CONVERSION = YES_AGGRESSIVE;
				CLANG_CXX_LANGUAGE_STANDARD = "gnu++20";
				CLANG_ENABLE_MODULES = YES;
				CLANG_ENABLE_OBJC_ARC = YES;
				CLANG_ENABLE_OBJC_WEAK = YES;
				CLANG_WARN_BLOCK_CAPTURE_AUTORELEASING = YES;
				CLANG_WARN_BOOL_CONVERSION = YES;
				CLANG_WARN_COMMA = YES;
				CLANG_WARN_CONSTANT_CONVERSION = YES;
				CLANG_WARN_DEPRECATED_OBJC_IMPLEMENTATIONS = YES;
				CLANG_WARN_DIRECT_OBJC_ISA_USAGE = YES_ERROR;
				CLANG_WARN_DOCUMENTATION_COMMENTS = YES;
				CLANG_WARN_EMPTY_BODY = YES;
				CLANG_WARN_ENUM_CONVERSION = YES;
				CLANG_WARN_INFINITE_RECURSION = YES;
				CLANG_WARN_INT_CONVERSION = YES;
				CLANG_WARN_NON_LITERAL_NULL_CONVERSION = YES;
				CLANG_WARN_OBJC_IMPLICIT_RETAIN_SELF = YES;
				CLANG_WARN_OBJC_LITERAL_CONVERSION = YES;
				CLANG_WARN_OBJC_ROOT_CLASS = YES_ERROR;
				CLANG_WARN_QUOTED_INCLUDE_IN_FRAMEWORK_HEADER = YES;
				CLANG_WARN_RANGE_LOOP_ANALYSIS = YES;
				CLANG_WARN_STRICT_PROTOTYPES = YES;
				CLANG_WARN_SUSPICIOUS_MOVE = YES;
				CLANG_WARN_UNGUARDED_AVAILABILITY = YES_AGGRESSIVE;
				CLANG_WARN_UNREACHABLE_CODE = YES;
				CLANG_WARN__DUPLICATE_METHOD_MATCH = YES;
				COPY_PHASE_STRIP = NO;
				DEBUG_INFORMATION_FORMAT = dwarf;
				ENABLE_STRICT_OBJC_MSGSEND = YES;
				ENABLE_TESTABILITY = YES;
				GCC_C_LANGUAGE_STANDARD = gnu11;
				GCC_DYNAMIC_NO_PIC = NO;
				GCC_NO_COMMON_BLOCKS = YES;
				GCC_OPTIMIZATION_LEVEL = 0;
				GCC_PREPROCESSOR_DEFINITIONS = (
					"DEBUG=1",
					"$(inherited)",
				);
				GCC_WARN_64_TO_32_BIT_CONVERSION = YES;
				GCC_WARN_ABOUT_RETURN_TYPE = YES_ERROR;
				GCC_WARN_UNDECLARED_SELECTOR = YES;
				GCC_WARN_UNINITIALIZED_AUTOS = YES_AGGRESSIVE;
				GCC_WARN_UNUSED_FUNCTION = YES;
				GCC_WARN_UNUSED_VARIABLE = YES;
				IPHONEOS_DEPLOYMENT_TARGET = 16.0;
				MTL_ENABLE_DEBUG_INFO = INCLUDE_SOURCE;
				MTL_FAST_MATH = YES;
				ONLY_ACTIVE_ARCH = YES;
				SDKROOT = iphoneos;
				SWIFT_ACTIVE_COMPILATION_CONDITIONS = DEBUG;
				SWIFT_OPTIMIZATION_LEVEL = "-Onone";
			};
			name = Debug;
		};
		91FA5E522DA64994000770D5 /* Release */ = {
			isa = XCBuildConfiguration;
			buildSettings = {
				ALWAYS_SEARCH_USER_PATHS = NO;
				CLANG_ANALYZER_NONNULL = YES;
				CLANG_ANALYZER_NUMBER_OBJECT_CONVERSION = YES_AGGRESSIVE;
				CLANG_CXX_LANGUAGE_STANDARD = "gnu++20";
				CLANG_ENABLE_MODULES = YES;
				CLANG_ENABLE_OBJC_ARC = YES;
				CLANG_ENABLE_OBJC_WEAK = YES;
				CLANG_WARN_BLOCK_CAPTURE_AUTORELEASING = YES;
				CLANG_WARN_BOOL_CONVERSION = YES;
				CLANG_WARN_COMMA = YES;
				CLANG_WARN_CONSTANT_CONVERSION = YES;
				CLANG_WARN_DEPRECATED_OBJC_IMPLEMENTATIONS = YES;
				CLANG_WARN_DIRECT_OBJC_ISA_USAGE = YES_ERROR;
				CLANG_WARN_DOCUMENTATION_COMMENTS = YES;
				CLANG_WARN_EMPTY_BODY = YES;
				CLANG_WARN_ENUM_CONVERSION = YES;
				CLANG_WARN_INFINITE_RECURSION = YES;
				CLANG_WARN_INT_CONVERSION = YES;
				CLANG_WARN_NON_LITERAL_NULL_CONVERSION = YES;
				CLANG_WARN_OBJC_IMPLICIT_RETAIN_SELF = YES;
				CLANG_WARN_OBJC_LITERAL_CONVERSION = YES;
				CLANG_WARN_OBJC_ROOT_CLASS = YES_ERROR;
				CLANG_WARN_QUOTED_INCLUDE_IN_FRAMEWORK_HEADER = YES;
				CLANG_WARN_RANGE_LOOP_ANALYSIS = YES;
				CLANG_WARN_STRICT_PROTOTYPES = YES;
				CLANG_WARN_SUSPICIOUS_MOVE = YES;
				CLANG_WARN_UNGUARDED_AVAILABILITY = YES_AGGRESSIVE;
				CLANG_WARN_UNREACHABLE_CODE = YES;
				CLANG_WARN__DUPLICATE_METHOD_MATCH = YES;
				COPY_PHASE_STRIP = NO;
				DEBUG_INFORMATION_FORMAT = "dwarf-with-dsym";
				ENABLE_NS_ASSERTIONS = NO;
				ENABLE_STRICT_OBJC_MSGSEND = YES;
				GCC_C_LANGUAGE_STANDARD = gnu11;
				GCC_NO_COMMON_BLOCKS = YES;
				GCC_WARN_64_TO_32_BIT_CONVERSION = YES;
				GCC_WARN_ABOUT_RETURN_TYPE = YES_ERROR;
				GCC_WARN_UNDECLARED_SELECTOR = YES;
				GCC_WARN_UNINITIALIZED_AUTOS = YES_AGGRESSIVE;
				GCC_WARN_UNUSED_FUNCTION = YES;
				GCC_WARN_UNUSED_VARIABLE = YES;
				IPHONEOS_DEPLOYMENT_TARGET = 16.0;
				MTL_ENABLE_DEBUG_INFO = NO;
				MTL_FAST_MATH = YES;
				SDKROOT = iphoneos;
				SWIFT_COMPILATION_MODE = wholemodule;
				SWIFT_OPTIMIZATION_LEVEL = "-O";
				VALIDATE_PRODUCT = YES;
			};
			name = Release;
		};
		91FA5E542DA64994000770D5 /* Debug */ = {
			isa = XCBuildConfiguration;
			buildSettings = {
				ASSETCATALOG_COMPILER_APPICON_NAME = AppIcon;
				ASSETCATALOG_COMPILER_GLOBAL_ACCENT_COLOR_NAME = AccentColor;
				CODE_SIGN_STYLE = Automatic;
				CURRENT_PROJECT_VERSION = 1;
				DEVELOPMENT_ASSET_PATHS = "\"CryptoApp/Preview Content\"";
				DEVELOPMENT_TEAM = DQRQ8M72DR;
				ENABLE_PREVIEWS = YES;
				GENERATE_INFOPLIST_FILE = YES;
				INFOPLIST_KEY_CFBundleDisplayName = "Crypto Tracker";
				INFOPLIST_KEY_UIApplicationSceneManifest_Generation = YES;
				INFOPLIST_KEY_UIApplicationSupportsIndirectInputEvents = YES;
				INFOPLIST_KEY_UILaunchScreen_Generation = YES;
				INFOPLIST_KEY_UISupportedInterfaceOrientations = "UIInterfaceOrientationLandscapeLeft UIInterfaceOrientationLandscapeRight UIInterfaceOrientationPortrait";
				INFOPLIST_KEY_UISupportedInterfaceOrientations_iPad = UIInterfaceOrientationPortrait;
				LD_RUNPATH_SEARCH_PATHS = (
					"$(inherited)",
					"@executable_path/Frameworks",
				);
				MARKETING_VERSION = 1.0;
				PRODUCT_BUNDLE_IDENTIFIER = io.mehdiios.CryptoApp;
				PRODUCT_NAME = "$(TARGET_NAME)";
				SUPPORTED_PLATFORMS = "iphoneos iphonesimulator";
				SUPPORTS_MACCATALYST = NO;
				SUPPORTS_MAC_DESIGNED_FOR_IPHONE_IPAD = NO;
				SWIFT_EMIT_LOC_STRINGS = YES;
				SWIFT_VERSION = 5.0;
				TARGETED_DEVICE_FAMILY = "1,2";
			};
			name = Debug;
		};
		91FA5E552DA64994000770D5 /* Release */ = {
			isa = XCBuildConfiguration;
			buildSettings = {
				ASSETCATALOG_COMPILER_APPICON_NAME = AppIcon;
				ASSETCATALOG_COMPILER_GLOBAL_ACCENT_COLOR_NAME = AccentColor;
				CODE_SIGN_STYLE = Automatic;
				CURRENT_PROJECT_VERSION = 1;
				DEVELOPMENT_ASSET_PATHS = "\"CryptoApp/Preview Content\"";
				DEVELOPMENT_TEAM = DQRQ8M72DR;
				ENABLE_PREVIEWS = YES;
				GENERATE_INFOPLIST_FILE = YES;
				INFOPLIST_KEY_CFBundleDisplayName = "Crypto Tracker";
				INFOPLIST_KEY_UIApplicationSceneManifest_Generation = YES;
				INFOPLIST_KEY_UIApplicationSupportsIndirectInputEvents = YES;
				INFOPLIST_KEY_UILaunchScreen_Generation = YES;
				INFOPLIST_KEY_UISupportedInterfaceOrientations = "UIInterfaceOrientationLandscapeLeft UIInterfaceOrientationLandscapeRight UIInterfaceOrientationPortrait";
				INFOPLIST_KEY_UISupportedInterfaceOrientations_iPad = UIInterfaceOrientationPortrait;
				LD_RUNPATH_SEARCH_PATHS = (
					"$(inherited)",
					"@executable_path/Frameworks",
				);
				MARKETING_VERSION = 1.0;
				PRODUCT_BUNDLE_IDENTIFIER = io.mehdiios.CryptoApp;
				PRODUCT_NAME = "$(TARGET_NAME)";
				SUPPORTED_PLATFORMS = "iphoneos iphonesimulator";
				SUPPORTS_MACCATALYST = NO;
				SUPPORTS_MAC_DESIGNED_FOR_IPHONE_IPAD = NO;
				SWIFT_EMIT_LOC_STRINGS = YES;
				SWIFT_VERSION = 5.0;
				TARGETED_DEVICE_FAMILY = "1,2";
			};
			name = Release;
		};
/* End XCBuildConfiguration section */

/* Begin XCConfigurationList section */
		91FA5E402DA64993000770D5 /* Build configuration list for PBXProject "CryptoApp" */ = {
			isa = XCConfigurationList;
			buildConfigurations = (
				91FA5E512DA64994000770D5 /* Debug */,
				91FA5E522DA64994000770D5 /* Release */,
			);
			defaultConfigurationIsVisible = 0;
			defaultConfigurationName = Release;
		};
		91FA5E532DA64994000770D5 /* Build configuration list for PBXNativeTarget "CryptoApp" */ = {
			isa = XCConfigurationList;
			buildConfigurations = (
				91FA5E542DA64994000770D5 /* Debug */,
				91FA5E552DA64994000770D5 /* Release */,
			);
			defaultConfigurationIsVisible = 0;
			defaultConfigurationName = Release;
		};
/* End XCConfigurationList section */
	};
	rootObject = 91FA5E3D2DA64993000770D5 /* Project object */;
}
